schema: '2.0'
stages:
  data_visualization:
    cmd: python src/data_visualization.py
    deps:
    - path: data/raw/datos_creditos.csv
      hash: md5
      md5: 3b26edd22e8827f890d7cd32efe475b7
      size: 663047
    - path: data/raw/datos_tarjetas.csv
      hash: md5
      md5: 9e197c893925601cd447c81256e8cf07
      size: 845190
    - path: src/data_visualization.py
      hash: md5
      md5: 0af90412e64d1f2087d94eefc06a956f
      size: 3602
    outs:
    - path: docs/figures/correlation_heatmap_creditos.png
      hash: md5
      md5: 25acd71cbee0ab68c108d74a14c6546d
      size: 77161
    - path: docs/figures/correlation_heatmap_tarjetas.png
      hash: md5
      md5: be5105f4aed5c8594f1939d74d91be5f
      size: 52497
    - path: docs/figures/hist_ingresos_mora.png
      hash: md5
      md5: 44bdb6c8e8f8e604d95c010f4b0be04f
      size: 34020
    - path: docs/figures/mora_vivienda_proporcion.png
      hash: md5
      md5: 674f2cdb26cb4c437602d9589df670c4
      size: 20043
    - path: docs/figures/target_distribution.png
      hash: md5
      md5: 103ed490582e63d18653cece13747409
      size: 21596
    - path: docs/reporte_verificacion_extra.html
      hash: md5
      md5: 9a298c6eece824aaacda8782bb1e1fb8
      size: 3824697
